SITE
  remote: http://community.opscode.com/api/v1
  specs:
    apache2 (1.3.2)
    apt (1.6.0)
    aws (0.100.4)
    build-essential (1.3.0)
    database (1.3.6)
      aws (>= 0.0.0)
      mysql (>= 1.3.0)
      postgresql (>= 1.0.0)
      xfs (>= 0.0.0)
    erlang (1.1.2)
      yum (>= 0.5.0)
    mysql (2.0.2)
      build-essential (>= 0.0.0)
      openssl (>= 0.0.0)
    ntp (1.3.2)
    openssh (1.1.2)
    openssl (1.0.0)
    postgresql (2.1.0)
      openssl (>= 0.0.0)
    rabbitmq (1.7.0)
      apt (>= 1.4.4)
      erlang (>= 0.9)
      yum (>= 0.5.0)
    selinux (0.5.4)
    xfs (1.0.0)
    yum (2.0.6)

GIT
  remote: https://github.com/achied/chef-nova.git
  ref: master
  sha: 14c5b0d727f1d2488e1e741a75e3b81dad954a91
  specs:
    nova (5.0.0)
      apt (>= 0.0.0)
      database (>= 0.0.0)
      glance (>= 0.0.0)
      keystone (>= 0.0.0)
      mysql (>= 0.0.0)
      openssh (>= 0.0.0)
      osops-utils (>= 0.0.0)
      rabbitmq (>= 0.0.0)
      selinux (>= 0.0.0)
      sysctl (>= 0.0.0)
      yum (>= 0.0.0)

GIT
  remote: https://github.com/cloudbau/chef-glance.git
  ref: master
  sha: eed98c082ac71eb8a4c31ce5241d1c615cd276db
  specs:
    glance (5.0.0)
      database (>= 0.0.0)
      keystone (>= 0.0.0)
      mysql (>= 0.0.0)
      osops-utils (>= 0.0.0)

GIT
  remote: https://github.com/cloudbau/chef-horizon.git
  ref: master
  sha: e3e9b43b52b18aaeca32ef640ddd3537595c34fc
  specs:
    horizon (5.0.0)
      apache2 (>= 0.0.0)
      database (>= 0.0.0)
      mysql (>= 0.0.0)
      osops-utils (>= 0.0.0)

GIT
  remote: https://github.com/cloudbau/chef-keystone.git
  ref: master
  sha: 2ad90f9c307fd7f33be5e53145b876575b4bbaf0
  specs:
    keystone (5.0.0)
      database (>= 0.0.0)
      mysql (>= 0.0.0)
      osops-utils (>= 0.0.0)

GIT
  remote: https://github.com/cloudbau/chef-osops-utils.git
  ref: master
  sha: c34d73980ba135c21d3076e49f2a28431700208e
  specs:
    osops-utils (1.0.6)
      apt (>= 0.0.0)
      yum (>= 0.0.0)

GIT
  remote: https://github.com/mattray/mysql-openstack.git
  ref: master
  sha: 6a47b59b55bc8297775e0b81db4e38a6bfce3aab
  specs:
    mysql-openstack (1.0.4)
      database (>= 0.0.0)
      mysql (>= 0.0.0)
      osops-utils (>= 0.0.0)

GIT
  remote: https://github.com/mattray/rabbitmq-openstack.git
  ref: master
  sha: 25fbd90c4b4bdc4b5fe4154d560e15f6587c24ea
  specs:
    rabbitmq-openstack (1.0.4)
      osops-utils (>= 0.0.0)
      rabbitmq (> 1.6.2)

GIT
  remote: https://github.com/mattray/sysctl.git
  ref: master
  sha: 16f300b62e6e0158fe075c875c94c4d5fb835b5d
  specs:
    sysctl (0.1.0)

DEPENDENCIES
  apache2 (= 1.3.2)
  apt (= 1.6.0)
  aws (= 0.100.4)
  build-essential (= 1.3.0)
  database (= 1.3.6)
  erlang (= 1.1.2)
  glance (>= 0)
  horizon (>= 0)
  keystone (>= 0)
  mysql (= 2.0.2)
  mysql-openstack (>= 0)
  nova (>= 0)
  ntp (= 1.3.2)
  openssh (= 1.1.2)
  openssl (= 1.0.0)
  osops-utils (>= 0)
  postgresql (= 2.1.0)
  rabbitmq (= 1.7.0)
  rabbitmq-openstack (>= 0)
  selinux (= 0.5.4)
  sysctl (>= 0)
  xfs (= 1.0.0)
  yum (= 2.0.6)

